
Microsoft Visual Studio Solution File, Format Version 11.00
# Visual Studio 2010
Project("{FAE04EC0-301F-11D3-BF4B-00C04F79EFBC}") = "MdwsDemo", "MdwsDemo.csproj", "{54C3867B-C775-44A6-993F-CCAC9F0A0977}"
EndProject
Project("{FAE04EC0-301F-11D3-BF4B-00C04F79EFBC}") = "MdwsDemo-Test", "..\MdwsDemo-Test\MdwsDemo-Test.csproj", "{FE831E20-82F1-44B7-A9D9-C692A3C5E2D7}"
EndProject
Project("{2CFEAB61-6A3B-4EB8-B523-560B4BEEF521}") = "MdwsDemo.csproj_deploy1", "..\MdwsDemo.csproj_deploy1\MdwsDemo.csproj_deploy1.wdproj", "{633236F5-07ED-4C99-9EF4-076F8C279413}"
EndProject
Global
	GlobalSection(SolutionConfigurationPlatforms) = preSolution
		Debug|Any CPU = Debug|Any CPU
		Release|Any CPU = Release|Any CPU
	EndGlobalSection
	GlobalSection(ProjectConfigurationPlatforms) = postSolution
		{54C3867B-C775-44A6-993F-CCAC9F0A0977}.Debug|Any CPU.ActiveCfg = Debug|Any CPU
		{54C3867B-C775-44A6-993F-CCAC9F0A0977}.Debug|Any CPU.Build.0 = Debug|Any CPU
		{54C3867B-C775-44A6-993F-CCAC9F0A0977}.Release|Any CPU.ActiveCfg = Release|Any CPU
		{54C3867B-C775-44A6-993F-CCAC9F0A0977}.Release|Any CPU.Build.0 = Release|Any CPU
		{FE831E20-82F1-44B7-A9D9-C692A3C5E2D7}.Debug|Any CPU.ActiveCfg = Debug|Any CPU
		{FE831E20-82F1-44B7-A9D9-C692A3C5E2D7}.Debug|Any CPU.Build.0 = Debug|Any CPU
		{FE831E20-82F1-44B7-A9D9-C692A3C5E2D7}.Release|Any CPU.ActiveCfg = Release|Any CPU
		{FE831E20-82F1-44B7-A9D9-C692A3C5E2D7}.Release|Any CPU.Build.0 = Release|Any CPU
		{633236F5-07ED-4C99-9EF4-076F8C279413}.Debug|Any CPU.ActiveCfg = Debug|Any CPU
		{633236F5-07ED-4C99-9EF4-076F8C279413}.Debug|Any CPU.Build.0 = Debug|Any CPU
		{633236F5-07ED-4C99-9EF4-076F8C279413}.Release|Any CPU.ActiveCfg = Release|Any CPU
		{633236F5-07ED-4C99-9EF4-076F8C279413}.Release|Any CPU.Build.0 = Release|Any CPU
	EndGlobalSection
	GlobalSection(SolutionProperties) = preSolution
		HideSolutionNode = FALSE
	EndGlobalSection
EndGlobal
